
Microsoft Visual Studio Solution File, Format Version 12.00
# Visual Studio 2012
Project("{FAE04EC0-301F-11D3-BF4B-00C04F79EFBC}") = "RealmCloudTest", "RealmCloudTest\RealmCloudTest.csproj", "{7BCBFEE3-A439-4791-AEAB-111421095F35}"
EndProject
Project("{FAE04EC0-301F-11D3-BF4B-00C04F79EFBC}") = "RealmCloudTest.Standard", "RealmCloudTest.Standard\RealmCloudTest.Standard.csproj", "{10D4C192-1FCE-45C9-881F-F97891C8F401}"
EndProject
Global
	GlobalSection(SolutionConfigurationPlatforms) = preSolution
		Debug|iPhoneSimulator = Debug|iPhoneSimulator
		Release|iPhone = Release|iPhone
		Release|iPhoneSimulator = Release|iPhoneSimulator
		Debug|iPhone = Debug|iPhone
	EndGlobalSection
	GlobalSection(ProjectConfigurationPlatforms) = postSolution
		{7BCBFEE3-A439-4791-AEAB-111421095F35}.Debug|iPhoneSimulator.ActiveCfg = Debug|iPhoneSimulator
		{7BCBFEE3-A439-4791-AEAB-111421095F35}.Debug|iPhoneSimulator.Build.0 = Debug|iPhoneSimulator
		{7BCBFEE3-A439-4791-AEAB-111421095F35}.Release|iPhone.ActiveCfg = Release|iPhone
		{7BCBFEE3-A439-4791-AEAB-111421095F35}.Release|iPhone.Build.0 = Release|iPhone
		{7BCBFEE3-A439-4791-AEAB-111421095F35}.Release|iPhoneSimulator.ActiveCfg = Release|iPhoneSimulator
		{7BCBFEE3-A439-4791-AEAB-111421095F35}.Release|iPhoneSimulator.Build.0 = Release|iPhoneSimulator
		{7BCBFEE3-A439-4791-AEAB-111421095F35}.Debug|iPhone.ActiveCfg = Debug|iPhone
		{7BCBFEE3-A439-4791-AEAB-111421095F35}.Debug|iPhone.Build.0 = Debug|iPhone
		{10D4C192-1FCE-45C9-881F-F97891C8F401}.Debug|iPhoneSimulator.ActiveCfg = Debug|Any CPU
		{10D4C192-1FCE-45C9-881F-F97891C8F401}.Debug|iPhoneSimulator.Build.0 = Debug|Any CPU
		{10D4C192-1FCE-45C9-881F-F97891C8F401}.Release|iPhone.ActiveCfg = Release|Any CPU
		{10D4C192-1FCE-45C9-881F-F97891C8F401}.Release|iPhone.Build.0 = Release|Any CPU
		{10D4C192-1FCE-45C9-881F-F97891C8F401}.Release|iPhoneSimulator.ActiveCfg = Release|Any CPU
		{10D4C192-1FCE-45C9-881F-F97891C8F401}.Release|iPhoneSimulator.Build.0 = Release|Any CPU
		{10D4C192-1FCE-45C9-881F-F97891C8F401}.Debug|iPhone.ActiveCfg = Debug|Any CPU
		{10D4C192-1FCE-45C9-881F-F97891C8F401}.Debug|iPhone.Build.0 = Debug|Any CPU
	EndGlobalSection
EndGlobal
